
Microsoft Visual Studio Solution File, Format Version 11.00
# Visual Studio 2010
Project("{FAE04EC0-301F-11D3-BF4B-00C04F79EFBC}") = "Kew-Performance", "Kew-Performance.csproj", "{FCA05BB3-E538-40F2-A930-610D01890BE5}"
EndProject
Global
	GlobalSection(SolutionConfigurationPlatforms) = preSolution
		Debug|Any CPU = Debug|Any CPU
		Release|Any CPU = Release|Any CPU
	EndGlobalSection
	GlobalSection(ProjectConfigurationPlatforms) = postSolution
		{FCA05BB3-E538-40F2-A930-610D01890BE5}.Debug|Any CPU.ActiveCfg = Debug|Any CPU
		{FCA05BB3-E538-40F2-A930-610D01890BE5}.Debug|Any CPU.Build.0 = Debug|Any CPU
		{FCA05BB3-E538-40F2-A930-610D01890BE5}.Release|Any CPU.ActiveCfg = Release|Any CPU
		{FCA05BB3-E538-40F2-A930-610D01890BE5}.Release|Any CPU.Build.0 = Release|Any CPU
	EndGlobalSection
	GlobalSection(SolutionProperties) = preSolution
		HideSolutionNode = FALSE
	EndGlobalSection
EndGlobal
